
Microsoft Visual Studio Solution File, Format Version 12.00
# Visual Studio 15
VisualStudioVersion = 15.0.28307.421
MinimumVisualStudioVersion = 10.0.40219.1
Project("{8BC9CEB8-8B4A-11D0-8D11-00A0C91BC942}") = "ConsoleApplication4", "ConsoleApplication4\ConsoleApplication4.vcxproj", "{0C7EEFCB-AD8B-4DFF-A8CD-47798461E54A}"
EndProject
Global
	GlobalSection(SolutionConfigurationPlatforms) = preSolution
		Debug|x64 = Debug|x64
		Debug|x86 = Debug|x86
		Release|x64 = Release|x64
		Release|x86 = Release|x86
	EndGlobalSection
	GlobalSection(ProjectConfigurationPlatforms) = postSolution
		{0C7EEFCB-AD8B-4DFF-A8CD-47798461E54A}.Debug|x64.ActiveCfg = Debug|x64
		{0C7EEFCB-AD8B-4DFF-A8CD-47798461E54A}.Debug|x64.Build.0 = Debug|x64
		{0C7EEFCB-AD8B-4DFF-A8CD-47798461E54A}.Debug|x86.ActiveCfg = Debug|Win32
		{0C7EEFCB-AD8B-4DFF-A8CD-47798461E54A}.Debug|x86.Build.0 = Debug|Win32
		{0C7EEFCB-AD8B-4DFF-A8CD-47798461E54A}.Release|x64.ActiveCfg = Release|x64
		{0C7EEFCB-AD8B-4DFF-A8CD-47798461E54A}.Release|x64.Build.0 = Release|x64
		{0C7EEFCB-AD8B-4DFF-A8CD-47798461E54A}.Release|x86.ActiveCfg = Release|Win32
		{0C7EEFCB-AD8B-4DFF-A8CD-47798461E54A}.Release|x86.Build.0 = Release|Win32
	EndGlobalSection
	GlobalSection(SolutionProperties) = preSolution
		HideSolutionNode = FALSE
	EndGlobalSection
	GlobalSection(ExtensibilityGlobals) = postSolution
		SolutionGuid = {D6C74D7E-1485-4C66-A4F2-051C0295086F}
	EndGlobalSection
EndGlobal
